
Microsoft Visual Studio Solution File, Format Version 12.00
# Visual Studio Version 16
VisualStudioVersion = 16.0.29920.165
MinimumVisualStudioVersion = 10.0.40219.1
Project("{FAE04EC0-301F-11D3-BF4B-00C04F79EFBC}") = "ContactsDirectory", "ContactsDirectory\ContactsDirectory.csproj", "{E145000F-70B6-44A4-A391-85A629BDF81D}"
EndProject
Global
	GlobalSection(SolutionConfigurationPlatforms) = preSolution
		Debug|Any CPU = Debug|Any CPU
		Release|Any CPU = Release|Any CPU
	EndGlobalSection
	GlobalSection(ProjectConfigurationPlatforms) = postSolution
		{E145000F-70B6-44A4-A391-85A629BDF81D}.Debug|Any CPU.ActiveCfg = Debug|Any CPU
		{E145000F-70B6-44A4-A391-85A629BDF81D}.Debug|Any CPU.Build.0 = Debug|Any CPU
		{E145000F-70B6-44A4-A391-85A629BDF81D}.Release|Any CPU.ActiveCfg = Release|Any CPU
		{E145000F-70B6-44A4-A391-85A629BDF81D}.Release|Any CPU.Build.0 = Release|Any CPU
	EndGlobalSection
	GlobalSection(SolutionProperties) = preSolution
		HideSolutionNode = FALSE
	EndGlobalSection
	GlobalSection(ExtensibilityGlobals) = postSolution
		SolutionGuid = {016A77DC-B7A9-4B99-9383-A78FB67FF255}
	EndGlobalSection
EndGlobal
